// !$*UTF8*$!
{
	archiveVersion = 1;
	classes = {
	};
	objectVersion = 48;
	objects = {

/* Begin PBXBuildFile section */
		47ECA0EB1F8720A0009509A4 /* AppDelegate.swift in Sources */ = {isa = PBXBuildFile; fileRef = 47ECA0EA1F8720A0009509A4 /* AppDelegate.swift */; };
		47ECA0ED1F8720A0009509A4 /* ViewController.swift in Sources */ = {isa = PBXBuildFile; fileRef = 47ECA0EC1F8720A0009509A4 /* ViewController.swift */; };
		47ECA0F01F8720A0009509A4 /* Main.storyboard in Resources */ = {isa = PBXBuildFile; fileRef = 47ECA0EE1F8720A0009509A4 /* Main.storyboard */; };
		47ECA0F21F8720A0009509A4 /* Assets.xcassets in Resources */ = {isa = PBXBuildFile; fileRef = 47ECA0F11F8720A0009509A4 /* Assets.xcassets */; };
		47ECA0F51F8720A0009509A4 /* LaunchScreen.storyboard in Resources */ = {isa = PBXBuildFile; fileRef = 47ECA0F31F8720A0009509A4 /* LaunchScreen.storyboard */; };
		47ECA1001F8720A0009509A4 /* DiceRollerTests.swift in Sources */ = {isa = PBXBuildFile; fileRef = 47ECA0FF1F8720A0009509A4 /* DiceRollerTests.swift */; };
		47ECA10B1F8720A0009509A4 /* DiceRollerUITests.swift in Sources */ = {isa = PBXBuildFile; fileRef = 47ECA10A1F8720A0009509A4 /* DiceRollerUITests.swift */; };
/* End PBXBuildFile section */

/* Begin PBXContainerItemProxy section */
		47ECA0FC1F8720A0009509A4 /* PBXContainerItemProxy */ = {
			isa = PBXContainerItemProxy;
			containerPortal = 47ECA0DF1F8720A0009509A4 /* Project object */;
			proxyType = 1;
			remoteGlobalIDString = 47ECA0E61F8720A0009509A4;
			remoteInfo = DiceRoller;
		};
		47ECA1071F8720A0009509A4 /* PBXContainerItemProxy */ = {
			isa = PBXContainerItemProxy;
			containerPortal = 47ECA0DF1F8720A0009509A4 /* Project object */;
			proxyType = 1;
			remoteGlobalIDString = 47ECA0E61F8720A0009509A4;
			remoteInfo = DiceRoller;
		};
/* End PBXContainerItemProxy section */

/* Begin PBXFileReference section */
		47ECA0E71F8720A0009509A4 /* DiceRoller.app */ = {isa = PBXFileReference; explicitFileType = wrapper.application; includeInIndex = 0; path = DiceRoller.app; sourceTree = BUILT_PRODUCTS_DIR; };
		47ECA0EA1F8720A0009509A4 /* AppDelegate.swift */ = {isa = PBXFileReference; lastKnownFileType = sourcecode.swift; path = AppDelegate.swift; sourceTree = "<group>"; };
		47ECA0EC1F8720A0009509A4 /* ViewController.swift */ = {isa = PBXFileReference; lastKnownFileType = sourcecode.swift; path = ViewController.swift; sourceTree = "<group>"; };
		47ECA0EF1F8720A0009509A4 /* Base */ = {isa = PBXFileReference; lastKnownFileType = file.storyboard; name = Base; path = Base.lproj/Main.storyboard; sourceTree = "<group>"; };
		47ECA0F11F8720A0009509A4 /* Assets.xcassets */ = {isa = PBXFileReference; lastKnownFileType = folder.assetcatalog; path = Assets.xcassets; sourceTree = "<group>"; };
		47ECA0F41F8720A0009509A4 /* Base */ = {isa = PBXFileReference; lastKnownFileType = file.storyboard; name = Base; path = Base.lproj/LaunchScreen.storyboard; sourceTree = "<group>"; };
		47ECA0F61F8720A0009509A4 /* Info.plist */ = {isa = PBXFileReference; lastKnownFileType = text.plist.xml; path = Info.plist; sourceTree = "<group>"; };
		47ECA0FB1F8720A0009509A4 /* DiceRollerTests.xctest */ = {isa = PBXFileReference; explicitFileType = wrapper.cfbundle; includeInIndex = 0; path = DiceRollerTests.xctest; sourceTree = BUILT_PRODUCTS_DIR; };
		47ECA0FF1F8720A0009509A4 /* DiceRollerTests.swift */ = {isa = PBXFileReference; lastKnownFileType = sourcecode.swift; path = DiceRollerTests.swift; sourceTree = "<group>"; };
		47ECA1011F8720A0009509A4 /* Info.plist */ = {isa = PBXFileReference; lastKnownFileType = text.plist.xml; path = Info.plist; sourceTree = "<group>"; };
		47ECA1061F8720A0009509A4 /* DiceRollerUITests.xctest */ = {isa = PBXFileReference; explicitFileType = wrapper.cfbundle; includeInIndex = 0; path = DiceRollerUITests.xctest; sourceTree = BUILT_PRODUCTS_DIR; };
		47ECA10A1F8720A0009509A4 /* DiceRollerUITests.swift */ = {isa = PBXFileReference; lastKnownFileType = sourcecode.swift; path = DiceRollerUITests.swift; sourceTree = "<group>"; };
		47ECA10C1F8720A0009509A4 /* Info.plist */ = {isa = PBXFileReference; lastKnownFileType = text.plist.xml; path = Info.plist; sourceTree = "<group>"; };
/* End PBXFileReference section */

/* Begin PBXFrameworksBuildPhase section */
		47ECA0E41F8720A0009509A4 /* Frameworks */ = {
			isa = PBXFrameworksBuildPhase;
			buildActionMask = 2147483647;
			files = (
			);
			runOnlyForDeploymentPostprocessing = 0;
		};
		47ECA0F81F8720A0009509A4 /* Frameworks */ = {
			isa = PBXFrameworksBuildPhase;
			buildActionMask = 2147483647;
			files = (
			);
			runOnlyForDeploymentPostprocessing = 0;
		};
		47ECA1031F8720A0009509A4 /* Frameworks */ = {
			isa = PBXFrameworksBuildPhase;
			buildActionMask = 2147483647;
			files = (
			);
			runOnlyForDeploymentPostprocessing = 0;
		};
/* End PBXFrameworksBuildPhase section */

/* Begin PBXGroup section */
		47ECA0DE1F8720A0009509A4 = {
			isa = PBXGroup;
			children = (
				47ECA0E91F8720A0009509A4 /* DiceRoller */,
				47ECA0FE1F8720A0009509A4 /* DiceRollerTests */,
				47ECA1091F8720A0009509A4 /* DiceRollerUITests */,
				47ECA0E81F8720A0009509A4 /* Products */,
			);
			sourceTree = "<group>";
		};
		47ECA0E81F8720A0009509A4 /* Products */ = {
			isa = PBXGroup;
			children = (
				47ECA0E71F8720A0009509A4 /* DiceRoller.app */,
				47ECA0FB1F8720A0009509A4 /* DiceRollerTests.xctest */,
				47ECA1061F8720A0009509A4 /* DiceRollerUITests.xctest */,
			);
			name = Products;
			sourceTree = "<group>";
		};
		47ECA0E91F8720A0009509A4 /* DiceRoller */ = {
			isa = PBXGroup;
			children = (
				47ECA0EA1F8720A0009509A4 /* AppDelegate.swift */,
				47ECA0EC1F8720A0009509A4 /* ViewController.swift */,
				47ECA0EE1F8720A0009509A4 /* Main.storyboard */,
				47ECA0F11F8720A0009509A4 /* Assets.xcassets */,
				47ECA0F31F8720A0009509A4 /* LaunchScreen.storyboard */,
				47ECA0F61F8720A0009509A4 /* Info.plist */,
			);
			path = DiceRoller;
			sourceTree = "<group>";
		};
		47ECA0FE1F8720A0009509A4 /* DiceRollerTests */ = {
			isa = PBXGroup;
			children = (
				47ECA0FF1F8720A0009509A4 /* DiceRollerTests.swift */,
				47ECA1011F8720A0009509A4 /* Info.plist */,
			);
			path = DiceRollerTests;
			sourceTree = "<group>";
		};
		47ECA1091F8720A0009509A4 /* DiceRollerUITests */ = {
			isa = PBXGroup;
			children = (
				47ECA10A1F8720A0009509A4 /* DiceRollerUITests.swift */,
				47ECA10C1F8720A0009509A4 /* Info.plist */,
			);
			path = DiceRollerUITests;
			sourceTree = "<group>";
		};
/* End PBXGroup section */

/* Begin PBXNativeTarget section */
		47ECA0E61F8720A0009509A4 /* DiceRoller */ = {
			isa = PBXNativeTarget;
			buildConfigurationList = 47ECA10F1F8720A0009509A4 /* Build configuration list for PBXNativeTarget "DiceRoller" */;
			buildPhases = (
				47ECA0E31F8720A0009509A4 /* Sources */,
				47ECA0E41F8720A0009509A4 /* Frameworks */,
				47ECA0E51F8720A0009509A4 /* Resources */,
			);
			buildRules = (
			);
			dependencies = (
			);
			name = DiceRoller;
			productName = DiceRoller;
			productReference = 47ECA0E71F8720A0009509A4 /* DiceRoller.app */;
			productType = "com.apple.product-type.application";
		};
		47ECA0FA1F8720A0009509A4 /* DiceRollerTests */ = {
			isa = PBXNativeTarget;
			buildConfigurationList = 47ECA1121F8720A0009509A4 /* Build configuration list for PBXNativeTarget "DiceRollerTests" */;
			buildPhases = (
				47ECA0F71F8720A0009509A4 /* Sources */,
				47ECA0F81F8720A0009509A4 /* Frameworks */,
				47ECA0F91F8720A0009509A4 /* Resources */,
			);
			buildRules = (
			);
			dependencies = (
				47ECA0FD1F8720A0009509A4 /* PBXTargetDependency */,
			);
			name = DiceRollerTests;
			productName = DiceRollerTests;
			productReference = 47ECA0FB1F8720A0009509A4 /* DiceRollerTests.xctest */;
			productType = "com.apple.product-type.bundle.unit-test";
		};
		47ECA1051F8720A0009509A4 /* DiceRollerUITests */ = {
			isa = PBXNativeTarget;
			buildConfigurationList = 47ECA1151F8720A0009509A4 /* Build configuration list for PBXNativeTarget "DiceRollerUITests" */;
			buildPhases = (
				47ECA1021F8720A0009509A4 /* Sources */,
				47ECA1031F8720A0009509A4 /* Frameworks */,
				47ECA1041F8720A0009509A4 /* Resources */,
			);
			buildRules = (
			);
			dependencies = (
				47ECA1081F8720A0009509A4 /* PBXTargetDependency */,
			);
			name = DiceRollerUITests;
			productName = DiceRollerUITests;
			productReference = 47ECA1061F8720A0009509A4 /* DiceRollerUITests.xctest */;
			productType = "com.apple.product-type.bundle.ui-testing";
		};
/* End PBXNativeTarget section */

/* Begin PBXProject section */
		47ECA0DF1F8720A0009509A4 /* Project object */ = {
			isa = PBXProject;
			attributes = {
				LastSwiftUpdateCheck = 0900;
				LastUpgradeCheck = 0900;
				ORGANIZATIONNAME = murkrow;
				TargetAttributes = {
					47ECA0E61F8720A0009509A4 = {
						CreatedOnToolsVersion = 9.0;
						ProvisioningStyle = Automatic;
					};
					47ECA0FA1F8720A0009509A4 = {
						CreatedOnToolsVersion = 9.0;
						ProvisioningStyle = Automatic;
						TestTargetID = 47ECA0E61F8720A0009509A4;
					};
					47ECA1051F8720A0009509A4 = {
						CreatedOnToolsVersion = 9.0;
						ProvisioningStyle = Automatic;
						TestTargetID = 47ECA0E61F8720A0009509A4;
					};
				};
			};
			buildConfigurationList = 47ECA0E21F8720A0009509A4 /* Build configuration list for PBXProject "DiceRoller" */;
			compatibilityVersion = "Xcode 8.0";
			developmentRegion = en;
			hasScannedForEncodings = 0;
			knownRegions = (
				en,
				Base,
			);
			mainGroup = 47ECA0DE1F8720A0009509A4;
			productRefGroup = 47ECA0E81F8720A0009509A4 /* Products */;
			projectDirPath = "";
			projectRoot = "";
			targets = (
				47ECA0E61F8720A0009509A4 /* DiceRoller */,
				47ECA0FA1F8720A0009509A4 /* DiceRollerTests */,
				47ECA1051F8720A0009509A4 /* DiceRollerUITests */,
			);
		};
/* End PBXProject section */

/* Begin PBXResourcesBuildPhase section */
		47ECA0E51F8720A0009509A4 /* Resources */ = {
			isa = PBXResourcesBuildPhase;
			buildActionMask = 2147483647;
			files = (
				47ECA0F51F8720A0009509A4 /* LaunchScreen.storyboard in Resources */,
				47ECA0F21F8720A0009509A4 /* Assets.xcassets in Resources */,
				47ECA0F01F8720A0009509A4 /* Main.storyboard in Resources */,
			);
			runOnlyForDeploymentPostprocessing = 0;
		};
		47ECA0F91F8720A0009509A4 /* Resources */ = {
			isa = PBXResourcesBuildPhase;
			buildActionMask = 2147483647;
			files = (
			);
			runOnlyForDeploymentPostprocessing = 0;
		};
		47ECA1041F8720A0009509A4 /* Resources */ = {
			isa = PBXResourcesBuildPhase;
			buildActionMask = 2147483647;
			files = (
			);
			runOnlyForDeploymentPostprocessing = 0;
		};
/* End PBXResourcesBuildPhase section */

/* Begin PBXSourcesBuildPhase section */
		47ECA0E31F8720A0009509A4 /* Sources */ = {
			isa = PBXSourcesBuildPhase;
			buildActionMask = 2147483647;
			files = (
				47ECA0ED1F8720A0009509A4 /* ViewController.swift in Sources */,
				47ECA0EB1F8720A0009509A4 /* AppDelegate.swift in Sources */,
			);
			runOnlyForDeploymentPostprocessing = 0;
		};
		47ECA0F71F8720A0009509A4 /* Sources */ = {
			isa = PBXSourcesBuildPhase;
			buildActionMask = 2147483647;
			files = (
				47ECA1001F8720A0009509A4 /* DiceRollerTests.swift in Sources */,
			);
			runOnlyForDeploymentPostprocessing = 0;
		};
		47ECA1021F8720A0009509A4 /* Sources */ = {
			isa = PBXSourcesBuildPhase;
			buildActionMask = 2147483647;
			files = (
				47ECA10B1F8720A0009509A4 /* DiceRollerUITests.swift in Sources */,
			);
			runOnlyForDeploymentPostprocessing = 0;
		};
/* End PBXSourcesBuildPhase section */

/* Begin PBXTargetDependency section */
		47ECA0FD1F8720A0009509A4 /* PBXTargetDependency */ = {
			isa = PBXTargetDependency;
			target = 47ECA0E61F8720A0009509A4 /* DiceRoller */;
			targetProxy = 47ECA0FC1F8720A0009509A4 /* PBXContainerItemProxy */;
		};
		47ECA1081F8720A0009509A4 /* PBXTargetDependency */ = {
			isa = PBXTargetDependency;
			target = 47ECA0E61F8720A0009509A4 /* DiceRoller */;
			targetProxy = 47ECA1071F8720A0009509A4 /* PBXContainerItemProxy */;
		};
/* End PBXTargetDependency section */

/* Begin PBXVariantGroup section */
		47ECA0EE1F8720A0009509A4 /* Main.storyboard */ = {
			isa = PBXVariantGroup;
			children = (
				47ECA0EF1F8720A0009509A4 /* Base */,
			);
			name = Main.storyboard;
			sourceTree = "<group>";
		};
		47ECA0F31F8720A0009509A4 /* LaunchScreen.storyboard */ = {
			isa = PBXVariantGroup;
			children = (
				47ECA0F41F8720A0009509A4 /* Base */,
			);
			name = LaunchScreen.storyboard;
			sourceTree = "<group>";
		};
/* End PBXVariantGroup section */

/* Begin XCBuildConfiguration section */
		47ECA10D1F8720A0009509A4 /* Debug */ = {
			isa = XCBuildConfiguration;
			buildSettings = {
				ALWAYS_SEARCH_USER_PATHS = NO;
				CLANG_ANALYZER_NONNULL = YES;
				CLANG_ANALYZER_NUMBER_OBJECT_CONVERSION = YES_AGGRESSIVE;
				CLANG_CXX_LANGUAGE_STANDARD = "gnu++14";
				CLANG_CXX_LIBRARY = "libc++";
				CLANG_ENABLE_MODULES = YES;
				CLANG_ENABLE_OBJC_ARC = YES;
				CLANG_WARN_BLOCK_CAPTURE_AUTORELEASING = YES;
				CLANG_WARN_BOOL_CONVERSION = YES;
				CLANG_WARN_COMMA = YES;
				CLANG_WARN_CONSTANT_CONVERSION = YES;
				CLANG_WARN_DIRECT_OBJC_ISA_USAGE = YES_ERROR;
				CLANG_WARN_DOCUMENTATION_COMMENTS = YES;
				CLANG_WARN_EMPTY_BODY = YES;
				CLANG_WARN_ENUM_CONVERSION = YES;
				CLANG_WARN_INFINITE_RECURSION = YES;
				CLANG_WARN_INT_CONVERSION = YES;
				CLANG_WARN_NON_LITERAL_NULL_CONVERSION = YES;
				CLANG_WARN_OBJC_LITERAL_CONVERSION = YES;
				CLANG_WARN_OBJC_ROOT_CLASS = YES_ERROR;
				CLANG_WARN_RANGE_LOOP_ANALYSIS = YES;
				CLANG_WARN_STRICT_PROTOTYPES = YES;
				CLANG_WARN_SUSPICIOUS_MOVE = YES;
				CLANG_WARN_UNGUARDED_AVAILABILITY = YES_AGGRESSIVE;
				CLANG_WARN_UNREACHABLE_CODE = YES;
				CLANG_WARN__DUPLICATE_METHOD_MATCH = YES;
				CODE_SIGN_IDENTITY = "iPhone Developer";
				COPY_PHASE_STRIP = NO;
				DEBUG_INFORMATION_FORMAT = dwarf;
				ENABLE_STRICT_OBJC_MSGSEND = YES;
				ENABLE_TESTABILITY = YES;
				GCC_C_LANGUAGE_STANDARD = gnu11;
				GCC_DYNAMIC_NO_PIC = NO;
				GCC_NO_COMMON_BLOCKS = YES;
				GCC_OPTIMIZATION_LEVEL = 0;
				GCC_PREPROCESSOR_DEFINITIONS = (
					"DEBUG=1",
					"$(inherited)",
				);
				GCC_WARN_64_TO_32_BIT_CONVERSION = YES;
				GCC_WARN_ABOUT_RETURN_TYPE = YES_ERROR;
				GCC_WARN_UNDECLARED_SELECTOR = YES;
				GCC_WARN_UNINITIALIZED_AUTOS = YES_AGGRESSIVE;
				GCC_WARN_UNUSED_FUNCTION = YES;
				GCC_WARN_UNUSED_VARIABLE = YES;
				IPHONEOS_DEPLOYMENT_TARGET = 11.0;
				MTL_ENABLE_DEBUG_INFO = YES;
				ONLY_ACTIVE_ARCH = YES;
				SDKROOT = iphoneos;
				SWIFT_ACTIVE_COMPILATION_CONDITIONS = DEBUG;
				SWIFT_OPTIMIZATION_LEVEL = "-Onone";
			};
			name = Debug;
		};
		47ECA10E1F8720A0009509A4 /* Release */ = {
			isa = XCBuildConfiguration;
			buildSettings = {
				ALWAYS_SEARCH_USER_PATHS = NO;
				CLANG_ANALYZER_NONNULL = YES;
				CLANG_ANALYZER_NUMBER_OBJECT_CONVERSION = YES_AGGRESSIVE;
				CLANG_CXX_LANGUAGE_STANDARD = "gnu++14";
				CLANG_CXX_LIBRARY = "libc++";
				CLANG_ENABLE_MODULES = YES;
				CLANG_ENABLE_OBJC_ARC = YES;
				CLANG_WARN_BLOCK_CAPTURE_AUTORELEASING = YES;
				CLANG_WARN_BOOL_CONVERSION = YES;
				CLANG_WARN_COMMA = YES;
				CLANG_WARN_CONSTANT_CONVERSION = YES;
				CLANG_WARN_DIRECT_OBJC_ISA_USAGE = YES_ERROR;
				CLANG_WARN_DOCUMENTATION_COMMENTS = YES;
				CLANG_WARN_EMPTY_BODY = YES;
				CLANG_WARN_ENUM_CONVERSION = YES;
				CLANG_WARN_INFINITE_RECURSION = YES;
				CLANG_WARN_INT_CONVERSION = YES;
				CLANG_WARN_NON_LITERAL_NULL_CONVERSION = YES;
				CLANG_WARN_OBJC_LITERAL_CONVERSION = YES;
				CLANG_WARN_OBJC_ROOT_CLASS = YES_ERROR;
				CLANG_WARN_RANGE_LOOP_ANALYSIS = YES;
				CLANG_WARN_STRICT_PROTOTYPES = YES;
				CLANG_WARN_SUSPICIOUS_MOVE = YES;
				CLANG_WARN_UNGUARDED_AVAILABILITY = YES_AGGRESSIVE;
				CLANG_WARN_UNREACHABLE_CODE = YES;
				CLANG_WARN__DUPLICATE_METHOD_MATCH = YES;
				CODE_SIGN_IDENTITY = "iPhone Developer";
				COPY_PHASE_STRIP = NO;
				DEBUG_INFORMATION_FORMAT = "dwarf-with-dsym";
				ENABLE_NS_ASSERTIONS = NO;
				ENABLE_STRICT_OBJC_MSGSEND = YES;
				GCC_C_LANGUAGE_STANDARD = gnu11;
				GCC_NO_COMMON_BLOCKS = YES;
				GCC_WARN_64_TO_32_BIT_CONVERSION = YES;
				GCC_WARN_ABOUT_RETURN_TYPE = YES_ERROR;
				GCC_WARN_UNDECLARED_SELECTOR = YES;
				GCC_WARN_UNINITIALIZED_AUTOS = YES_AGGRESSIVE;
				GCC_WARN_UNUSED_FUNCTION = YES;
				GCC_WARN_UNUSED_VARIABLE = YES;
				IPHONEOS_DEPLOYMENT_TARGET = 11.0;
				MTL_ENABLE_DEBUG_INFO = NO;
				SDKROOT = iphoneos;
				SWIFT_OPTIMIZATION_LEVEL = "-Owholemodule";
				VALIDATE_PRODUCT = YES;
			};
			name = Release;
		};
		47ECA1101F8720A0009509A4 /* Debug */ = {
			isa = XCBuildConfiguration;
			buildSettings = {
				ASSETCATALOG_COMPILER_APPICON_NAME = AppIcon;
				CODE_SIGN_STYLE = Automatic;
				INFOPLIST_FILE = DiceRoller/Info.plist;
				LD_RUNPATH_SEARCH_PATHS = "$(inherited) @executable_path/Frameworks";
				PRODUCT_BUNDLE_IDENTIFIER = com.murkrow.DiceRoller.DiceRoller;
				PRODUCT_NAME = "$(TARGET_NAME)";
				SWIFT_VERSION = 4.0;
				TARGETED_DEVICE_FAMILY = "1,2";
			};
			name = Debug;
		};
		47ECA1111F8720A0009509A4 /* Release */ = {
			isa = XCBuildConfiguration;
			buildSettings = {
				ASSETCATALOG_COMPILER_APPICON_NAME = AppIcon;
				CODE_SIGN_STYLE = Automatic;
				INFOPLIST_FILE = DiceRoller/Info.plist;
				LD_RUNPATH_SEARCH_PATHS = "$(inherited) @executable_path/Frameworks";
				PRODUCT_BUNDLE_IDENTIFIER = com.murkrow.DiceRoller.DiceRoller;
				PRODUCT_NAME = "$(TARGET_NAME)";
				SWIFT_VERSION = 4.0;
				TARGETED_DEVICE_FAMILY = "1,2";
			};
			name = Release;
		};
		47ECA1131F8720A0009509A4 /* Debug */ = {
			isa = XCBuildConfiguration;
			buildSettings = {
				ALWAYS_EMBED_SWIFT_STANDARD_LIBRARIES = YES;
				BUNDLE_LOADER = "$(TEST_HOST)";
				CODE_SIGN_STYLE = Automatic;
				INFOPLIST_FILE = DiceRollerTests/Info.plist;
				LD_RUNPATH_SEARCH_PATHS = "$(inherited) @executable_path/Frameworks @loader_path/Frameworks";
				PRODUCT_BUNDLE_IDENTIFIER = com.murkrow.DiceRoller.DiceRollerTests;
				PRODUCT_NAME = "$(TARGET_NAME)";
				SWIFT_VERSION = 4.0;
				TARGETED_DEVICE_FAMILY = "1,2";
				TEST_HOST = "$(BUILT_PRODUCTS_DIR)/DiceRoller.app/DiceRoller";
			};
			name = Debug;
		};
		47ECA1141F8720A0009509A4 /* Release */ = {
			isa = XCBuildConfiguration;
			buildSettings = {
				ALWAYS_EMBED_SWIFT_STANDARD_LIBRARIES = YES;
				BUNDLE_LOADER = "$(TEST_HOST)";
				CODE_SIGN_STYLE = Automatic;
				INFOPLIST_FILE = DiceRollerTests/Info.plist;
				LD_RUNPATH_SEARCH_PATHS = "$(inherited) @executable_path/Frameworks @loader_path/Frameworks";
				PRODUCT_BUNDLE_IDENTIFIER = com.murkrow.DiceRoller.DiceRollerTests;
				PRODUCT_NAME = "$(TARGET_NAME)";
				SWIFT_VERSION = 4.0;
				TARGETED_DEVICE_FAMILY = "1,2";
				TEST_HOST = "$(BUILT_PRODUCTS_DIR)/DiceRoller.app/DiceRoller";
			};
			name = Release;
		};
		47ECA1161F8720A0009509A4 /* Debug */ = {
			isa = XCBuildConfiguration;
			buildSettings = {
				ALWAYS_EMBED_SWIFT_STANDARD_LIBRARIES = YES;
				CODE_SIGN_STYLE = Automatic;
				INFOPLIST_FILE = DiceRollerUITests/Info.plist;
				LD_RUNPATH_SEARCH_PATHS = "$(inherited) @executable_path/Frameworks @loader_path/Frameworks";
				PRODUCT_BUNDLE_IDENTIFIER = com.murkrow.DiceRoller.DiceRollerUITests;
				PRODUCT_NAME = "$(TARGET_NAME)";
				SWIFT_VERSION = 4.0;
				TARGETED_DEVICE_FAMILY = "1,2";
				TEST_TARGET_NAME = DiceRoller;
			};
			name = Debug;
		};
		47ECA1171F8720A0009509A4 /* Release */ = {
			isa = XCBuildConfiguration;
			buildSettings = {
				ALWAYS_EMBED_SWIFT_STANDARD_LIBRARIES = YES;
				CODE_SIGN_STYLE = Automatic;
				INFOPLIST_FILE = DiceRollerUITests/Info.plist;
				LD_RUNPATH_SEARCH_PATHS = "$(inherited) @executable_path/Frameworks @loader_path/Frameworks";
				PRODUCT_BUNDLE_IDENTIFIER = com.murkrow.DiceRoller.DiceRollerUITests;
				PRODUCT_NAME = "$(TARGET_NAME)";
				SWIFT_VERSION = 4.0;
				TARGETED_DEVICE_FAMILY = "1,2";
				TEST_TARGET_NAME = DiceRoller;
			};
			name = Release;
		};
/* End XCBuildConfiguration section */

/* Begin XCConfigurationList section */
		47ECA0E21F8720A0009509A4 /* Build configuration list for PBXProject "DiceRoller" */ = {
			isa = XCConfigurationList;
			buildConfigurations = (
				47ECA10D1F8720A0009509A4 /* Debug */,
				47ECA10E1F8720A0009509A4 /* Release */,
			);
			defaultConfigurationIsVisible = 0;
			defaultConfigurationName = Release;
		};
		47ECA10F1F8720A0009509A4 /* Build configuration list for PBXNativeTarget "DiceRoller" */ = {
			isa = XCConfigurationList;
			buildConfigurations = (
				47ECA1101F8720A0009509A4 /* Debug */,
				47ECA1111F8720A0009509A4 /* Release */,
			);
			defaultConfigurationIsVisible = 0;
			defaultConfigurationName = Release;
		};
		47ECA1121F8720A0009509A4 /* Build configuration list for PBXNativeTarget "DiceRollerTests" */ = {
			isa = XCConfigurationList;
			buildConfigurations = (
				47ECA1131F8720A0009509A4 /* Debug */,
				47ECA1141F8720A0009509A4 /* Release */,
			);
			defaultConfigurationIsVisible = 0;
			defaultConfigurationName = Release;
		};
		47ECA1151F8720A0009509A4 /* Build configuration list for PBXNativeTarget "DiceRollerUITests" */ = {
			isa = XCConfigurationList;
			buildConfigurations = (
				47ECA1161F8720A0009509A4 /* Debug */,
				47ECA1171F8720A0009509A4 /* Release */,
			);
			defaultConfigurationIsVisible = 0;
			defaultConfigurationName = Release;
		};
/* End XCConfigurationList section */
	};
	rootObject = 47ECA0DF1F8720A0009509A4 /* Project object */;
}
