<?xml version="1.0" encoding="UTF-8"?>
<Scheme
   version = "1.3">
   <BuildAction>
      <BuildActionEntries>
         <BuildActionEntry
            buildForRunning = "YES">
            <BuildableReference
               BuildableIdentifier = "primary"
               BlueprintIdentifier = "47ECA0E61F8720A0009509A4"
               BuildableName = "DiceRoller.app"
               BlueprintName = "DiceRoller"
               ReferencedContainer = "container:DiceRoller.xcodeproj">
            </BuildableReference>
         </BuildActionEntry>
      </BuildActionEntries>
   </BuildAction>
   <LaunchAction
      useCustomWorkingDirectory = "NO"
      buildConfiguration = "Debug">
      <BuildableProductRunnable>
         <BuildableReference
            BuildableIdentifier = "primary"
            BlueprintIdentifier = "47ECA0E61F8720A0009509A4"
            BuildableName = "DiceRoller.app"
            BlueprintName = "DiceRoller"
            ReferencedContainer = "container:DiceRoller.xcodeproj">
         </BuildableReference>
      </BuildableProductRunnable>
   </LaunchAction>
</Scheme>
